{
  "dependencies": {
    "cheerio": {
      "version": "http://registry.npmjs.org/cheerio/-/cheerio-0.19.0.tgz",
      "dependencies": {
        "css-select": {
          "version": "http://registry.npmjs.org/css-select/-/css-select-1.0.0.tgz",
          "dependencies": {
            "css-what": {
              "version": "http://registry.npmjs.org/css-what/-/css-what-1.0.0.tgz"
            },
            "domutils": {
              "version": "https://registry.npm.taobao.org/domutils/download/domutils-1.4.3.tgz",
              "dependencies": {
                "domelementtype": {
                  "version": "https://registry.npm.taobao.org/domelementtype/download/domelementtype-1.3.0.tgz"
                }
              }
            },
            "boolbase": {
              "version": "https://registry.npm.taobao.org/boolbase/download/boolbase-1.0.0.tgz"
            },
            "nth-check": {
              "version": "https://registry.npm.taobao.org/nth-check/download/nth-check-1.0.1.tgz"
            }
          }
        },
        "entities": {
          "version": "https://registry.npm.taobao.org/entities/download/entities-1.1.1.tgz"
        },
        "htmlparser2": {
          "version": "http://registry.npmjs.org/htmlparser2/-/htmlparser2-3.8.3.tgz",
          "dependencies": {
            "domhandler": {
              "version": "http://registry.npmjs.org/domhandler/-/domhandler-2.3.0.tgz"
            },
            "domutils": {
              "version": "https://registry.npm.taobao.org/domutils/download/domutils-1.5.1.tgz"
            },
            "domelementtype": {
              "version": "https://registry.npm.taobao.org/domelementtype/download/domelementtype-1.3.0.tgz"
            },
            "readable-stream": {
              "version": "http://registry.npmjs.org/readable-stream/-/readable-stream-1.1.13.tgz",
              "dependencies": {
                "core-util-is": {
                  "version": "http://registry.npmjs.org/core-util-is/-/core-util-is-1.0.1.tgz"
                },
                "isarray": {
                  "version": "0.0.1"
                },
                "string_decoder": {
                  "version": "0.10.31"
                },
                "inherits": {
                  "version": "2.0.1"
                }
              }
            },
            "entities": {
              "version": "https://registry.npm.taobao.org/entities/download/entities-1.0.0.tgz"
            }
          }
        },
        "dom-serializer": {
          "version": "https://registry.npm.taobao.org/dom-serializer/download/dom-serializer-0.1.0.tgz",
          "dependencies": {
            "domelementtype": {
              "version": "https://registry.npm.taobao.org/domelementtype/download/domelementtype-1.1.3.tgz"
            }
          }
        },
        "lodash": {
          "version": "3.10.1"
        }
      }
    },
    "externalify": {
      "version": "http://registry.npmjs.org/externalify/-/externalify-0.1.0.tgz",
      "dependencies": {
        "globo": {
          "version": "http://registry.npmjs.org/globo/-/globo-1.0.2.tgz",
          "dependencies": {
            "accessory": {
              "version": "http://registry.npmjs.org/accessory/-/accessory-1.0.1.tgz",
              "dependencies": {
                "dot-parts": {
                  "version": "http://registry.npmjs.org/dot-parts/-/dot-parts-1.0.1.tgz"
                }
              }
            },
            "is-defined": {
              "version": "http://registry.npmjs.org/is-defined/-/is-defined-1.0.0.tgz"
            },
            "ternary": {
              "version": "http://registry.npmjs.org/ternary/-/ternary-1.0.0.tgz"
            }
          }
        },
        "map-obj": {
          "version": "https://registry.npm.taobao.org/map-obj/download/map-obj-1.0.1.tgz"
        },
        "replace-require-functions": {
          "version": "http://registry.npmjs.org/replace-require-functions/-/replace-require-functions-1.0.0.tgz",
          "dependencies": {
            "detective": {
              "version": "http://registry.npmjs.org/detective/-/detective-4.1.1.tgz",
              "dependencies": {
                "acorn": {
                  "version": "http://registry.npmjs.org/acorn/-/acorn-1.2.2.tgz"
                },
                "defined": {
                  "version": "1.0.0"
                },
                "escodegen": {
                  "version": "http://registry.npmjs.org/escodegen/-/escodegen-1.7.0.tgz",
                  "dependencies": {
                    "estraverse": {
                      "version": "http://registry.npmjs.org/estraverse/-/estraverse-1.9.3.tgz"
                    },
                    "esutils": {
                      "version": "2.0.2"
                    },
                    "esprima": {
                      "version": "http://registry.npmjs.org/esprima/-/esprima-1.2.5.tgz"
                    },
                    "optionator": {
                      "version": "http://registry.npmjs.org/optionator/-/optionator-0.5.0.tgz",
                      "dependencies": {
                        "prelude-ls": {
                          "version": "1.1.2"
                        },
                        "deep-is": {
                          "version": "0.1.3"
                        },
                        "wordwrap": {
                          "version": "0.0.3"
                        },
                        "type-check": {
                          "version": "http://registry.npmjs.org/type-check/-/type-check-0.3.1.tgz"
                        },
                        "levn": {
                          "version": "http://registry.npmjs.org/levn/-/levn-0.2.5.tgz"
                        },
                        "fast-levenshtein": {
                          "version": "http://registry.npmjs.org/fast-levenshtein/-/fast-levenshtein-1.0.7.tgz"
                        }
                      }
                    },
                    "source-map": {
                      "version": "http://registry.npmjs.org/source-map/-/source-map-0.2.0.tgz",
                      "dependencies": {
                        "amdefine": {
                          "version": "http://registry.npmjs.org/amdefine/-/amdefine-1.0.0.tgz"
                        }
                      }
                    }
                  }
                }
              }
            },
            "has-require": {
              "version": "http://registry.npmjs.org/has-require/-/has-require-1.2.1.tgz",
              "dependencies": {
                "escape-string-regexp": {
                  "version": "http://registry.npmjs.org/escape-string-regexp/-/escape-string-regexp-1.0.3.tgz"
                }
              }
            },
            "patch-text": {
              "version": "http://registry.npmjs.org/patch-text/-/patch-text-1.0.2.tgz"
            },
            "xtend": {
              "version": "http://registry.npmjs.org/xtend/-/xtend-4.0.0.tgz"
            }
          }
        },
        "through2": {
          "version": "http://registry.npmjs.org/through2/-/through2-0.4.2.tgz",
          "dependencies": {
            "readable-stream": {
              "version": "http://registry.npmjs.org/readable-stream/-/readable-stream-1.0.33.tgz",
              "dependencies": {
                "core-util-is": {
                  "version": "http://registry.npmjs.org/core-util-is/-/core-util-is-1.0.1.tgz"
                },
                "isarray": {
                  "version": "0.0.1"
                },
                "string_decoder": {
                  "version": "0.10.31"
                },
                "inherits": {
                  "version": "2.0.1"
                }
              }
            },
            "xtend": {
              "version": "https://registry.npm.taobao.org/xtend/download/xtend-2.1.2.tgz",
              "dependencies": {
                "object-keys": {
                  "version": "https://registry.npm.taobao.org/object-keys/download/object-keys-0.4.0.tgz"
                }
              }
            }
          }
        },
        "transformify": {
          "version": "http://registry.npmjs.org/transformify/-/transformify-0.1.2.tgz",
          "dependencies": {
            "readable-stream": {
              "version": "http://registry.npmjs.org/readable-stream/-/readable-stream-1.1.13.tgz",
              "dependencies": {
                "core-util-is": {
                  "version": "http://registry.npmjs.org/core-util-is/-/core-util-is-1.0.1.tgz"
                },
                "isarray": {
                  "version": "0.0.1"
                },
                "string_decoder": {
                  "version": "0.10.31"
                },
                "inherits": {
                  "version": "2.0.1"
                }
              }
            }
          }
        }
      }
    },
    "highlight.js": {
      "version": "http://registry.npmjs.org/highlight.js/-/highlight.js-8.6.0.tgz"
    },
    "ismobilejs": {
      "version": "http://registry.npmjs.org/ismobilejs/-/ismobilejs-0.3.5.tgz"
    },
    "load-script": {
      "version": "http://registry.npmjs.org/load-script/-/load-script-1.0.0.tgz"
    },
    "react": {
      "version": "http://registry.npmjs.org/react/-/react-0.13.3.tgz",
      "dependencies": {
        "envify": {
          "version": "3.4.1",
          "dependencies": {
            "through": {
              "version": "2.3.8"
            },
            "jstransform": {
              "version": "11.0.3",
              "dependencies": {
                "base62": {
                  "version": "http://registry.npmjs.org/base62/-/base62-1.2.8.tgz"
                },
                "commoner": {
                  "version": "0.10.8",
                  "dependencies": {
                    "commander": {
                      "version": "http://registry.npmjs.org/commander/-/commander-2.17.1.tgz"
                    },
                    "detective": {
                      "version": "http://registry.npmjs.org/detective/-/detective-4.7.1.tgz",
                      "dependencies": {
                        "acorn": {
                          "version": "http://registry.npmjs.org/acorn/-/acorn-5.7.1.tgz"
                        },
                        "defined": {
                          "version": "1.0.0"
                        }
                      }
                    },
                    "glob": {
                      "version": "5.0.15",
                      "dependencies": {
                        "inflight": {
                          "version": "1.0.6",
                          "dependencies": {
                            "wrappy": {
                              "version": "1.0.2"
                            }
                          }
                        },
                        "inherits": {
                          "version": "2.0.3"
                        },
                        "minimatch": {
                          "version": "3.0.4",
                          "dependencies": {
                            "brace-expansion": {
                              "version": "https://registry.npm.taobao.org/brace-expansion/download/brace-expansion-1.1.11.tgz",
                              "dependencies": {
                                "balanced-match": {
                                  "version": "1.0.0"
                                },
                                "concat-map": {
                                  "version": "0.0.1"
                                }
                              }
                            }
                          }
                        },
                        "once": {
                          "version": "1.4.0",
                          "dependencies": {
                            "wrappy": {
                              "version": "1.0.2"
                            }
                          }
                        },
                        "path-is-absolute": {
                          "version": "1.0.1"
                        }
                      }
                    },
                    "graceful-fs": {
                      "version": "4.1.11"
                    },
                    "iconv-lite": {
                      "version": "http://registry.npmjs.org/iconv-lite/-/iconv-lite-0.4.23.tgz",
                      "dependencies": {
                        "safer-buffer": {
                          "version": "http://registry.npmjs.org/safer-buffer/-/safer-buffer-2.1.2.tgz"
                        }
                      }
                    },
                    "mkdirp": {
                      "version": "0.5.1",
                      "dependencies": {
                        "minimist": {
                          "version": "0.0.8"
                        }
                      }
                    },
                    "private": {
                      "version": "0.1.8"
                    },
                    "q": {
                      "version": "1.5.1"
                    },
                    "recast": {
                      "version": "0.11.23",
                      "dependencies": {
                        "ast-types": {
                          "version": "0.9.6"
                        },
                        "esprima": {
                          "version": "3.1.3"
                        },
                        "source-map": {
                          "version": "0.5.7"
                        }
                      }
                    }
                  }
                },
                "esprima-fb": {
                  "version": "http://registry.npmjs.org/esprima-fb/-/esprima-fb-15001.1001.0-dev-harmony-fb.tgz"
                },
                "object-assign": {
                  "version": "2.1.1"
                },
                "source-map": {
                  "version": "0.4.4",
                  "dependencies": {
                    "amdefine": {
                      "version": "1.0.1"
                    }
                  }
                }
              }
            }
          }
        }
      }
    },
    "react-disqus-thread": {
      "version": "http://registry.npmjs.org/react-disqus-thread/-/react-disqus-thread-0.2.2.tgz"
    },
    "reactify": {
      "version": "http://registry.npmjs.org/reactify/-/reactify-1.1.1.tgz",
      "dependencies": {
        "through": {
          "version": "2.3.8"
        },
        "react-tools": {
          "version": "http://registry.npmjs.org/react-tools/-/react-tools-0.13.3.tgz",
          "dependencies": {
            "commoner": {
              "version": "http://registry.npmjs.org/commoner/-/commoner-0.10.3.tgz",
              "dependencies": {
                "q": {
                  "version": "http://registry.npmjs.org/q/-/q-1.1.2.tgz"
                },
                "recast": {
                  "version": "http://registry.npmjs.org/recast/-/recast-0.10.33.tgz",
                  "dependencies": {
                    "esprima-fb": {
                      "version": "http://registry.npmjs.org/esprima-fb/-/esprima-fb-15001.1001.0-dev-harmony-fb.tgz"
                    },
                    "source-map": {
                      "version": "http://registry.npmjs.org/source-map/-/source-map-0.5.1.tgz"
                    },
                    "ast-types": {
                      "version": "http://registry.npmjs.org/ast-types/-/ast-types-0.8.12.tgz"
                    }
                  }
                },
                "commander": {
                  "version": "https://registry.npm.taobao.org/commander/download/commander-2.5.1.tgz"
                },
                "graceful-fs": {
                  "version": "http://registry.npmjs.org/graceful-fs/-/graceful-fs-3.0.8.tgz"
                },
                "glob": {
                  "version": "https://registry.npm.taobao.org/glob/download/glob-4.2.2.tgz",
                  "dependencies": {
                    "inflight": {
                      "version": "http://registry.npmjs.org/inflight/-/inflight-1.0.4.tgz",
                      "dependencies": {
                        "wrappy": {
                          "version": "http://registry.npmjs.org/wrappy/-/wrappy-1.0.1.tgz"
                        }
                      }
                    },
                    "inherits": {
                      "version": "2.0.1"
                    },
                    "minimatch": {
                      "version": "https://registry.npm.taobao.org/minimatch/download/minimatch-1.0.0.tgz",
                      "dependencies": {
                        "lru-cache": {
                          "version": "http://registry.npmjs.org/lru-cache/-/lru-cache-2.7.0.tgz"
                        },
                        "sigmund": {
                          "version": "http://registry.npmjs.org/sigmund/-/sigmund-1.0.1.tgz"
                        }
                      }
                    },
                    "once": {
                      "version": "http://registry.npmjs.org/once/-/once-1.3.2.tgz",
                      "dependencies": {
                        "wrappy": {
                          "version": "http://registry.npmjs.org/wrappy/-/wrappy-1.0.1.tgz"
                        }
                      }
                    }
                  }
                },
                "mkdirp": {
                  "version": "0.5.1",
                  "dependencies": {
                    "minimist": {
                      "version": "0.0.8"
                    }
                  }
                },
                "private": {
                  "version": "http://registry.npmjs.org/private/-/private-0.1.6.tgz"
                },
                "install": {
                  "version": "http://registry.npmjs.org/install/-/install-0.1.8.tgz"
                },
                "iconv-lite": {
                  "version": "http://registry.npmjs.org/iconv-lite/-/iconv-lite-0.4.12.tgz"
                }
              }
            },
            "jstransform": {
              "version": "http://registry.npmjs.org/jstransform/-/jstransform-10.1.0.tgz",
              "dependencies": {
                "base62": {
                  "version": "http://registry.npmjs.org/base62/-/base62-0.1.1.tgz"
                },
                "esprima-fb": {
                  "version": "http://registry.npmjs.org/esprima-fb/-/esprima-fb-13001.1001.0-dev-harmony-fb.tgz"
                },
                "source-map": {
                  "version": "http://registry.npmjs.org/source-map/-/source-map-0.1.31.tgz",
                  "dependencies": {
                    "amdefine": {
                      "version": "http://registry.npmjs.org/amdefine/-/amdefine-1.0.0.tgz"
                    }
                  }
                }
              }
            }
          }
        }
      }
    }
  }
}
